// !$*UTF8*$!
{
	archiveVersion = 1;
	classes = {
	};
	objectVersion = 46;
	objects = {

/* Begin PBXBuildFile section */
		DF97B3291D30801A001D9173 /* AppDelegate.swift in Sources */ = {isa = PBXBuildFile; fileRef = DF97B3281D30801A001D9173 /* AppDelegate.swift */; };
		DF97B32B1D30801A001D9173 /* ViewController.swift in Sources */ = {isa = PBXBuildFile; fileRef = DF97B32A1D30801A001D9173 /* ViewController.swift */; };
		DF97B32E1D30801A001D9173 /* Main.storyboard in Resources */ = {isa = PBXBuildFile; fileRef = DF97B32C1D30801A001D9173 /* Main.storyboard */; };
		DF97B3301D30801A001D9173 /* Assets.xcassets in Resources */ = {isa = PBXBuildFile; fileRef = DF97B32F1D30801A001D9173 /* Assets.xcassets */; };
		DF97B3331D30801A001D9173 /* LaunchScreen.storyboard in Resources */ = {isa = PBXBuildFile; fileRef = DF97B3311D30801A001D9173 /* LaunchScreen.storyboard */; };
		DF97B33B1D31AD02001D9173 /* pokemon.csv in Resources */ = {isa = PBXBuildFile; fileRef = DF97B33A1D31AD02001D9173 /* pokemon.csv */; };
/* End PBXBuildFile section */

/* Begin PBXFileReference section */
		DF97B3251D30801A001D9173 /* Pokedex.app */ = {isa = PBXFileReference; explicitFileType = wrapper.application; includeInIndex = 0; path = Pokedex.app; sourceTree = BUILT_PRODUCTS_DIR; };
		DF97B3281D30801A001D9173 /* AppDelegate.swift */ = {isa = PBXFileReference; lastKnownFileType = sourcecode.swift; path = AppDelegate.swift; sourceTree = "<group>"; };
		DF97B32A1D30801A001D9173 /* ViewController.swift */ = {isa = PBXFileReference; lastKnownFileType = sourcecode.swift; path = ViewController.swift; sourceTree = "<group>"; };
		DF97B32D1D30801A001D9173 /* Base */ = {isa = PBXFileReference; lastKnownFileType = file.storyboard; name = Base; path = Base.lproj/Main.storyboard; sourceTree = "<group>"; };
		DF97B32F1D30801A001D9173 /* Assets.xcassets */ = {isa = PBXFileReference; lastKnownFileType = folder.assetcatalog; path = Assets.xcassets; sourceTree = "<group>"; };
		DF97B3321D30801A001D9173 /* Base */ = {isa = PBXFileReference; lastKnownFileType = file.storyboard; name = Base; path = Base.lproj/LaunchScreen.storyboard; sourceTree = "<group>"; };
		DF97B3341D30801A001D9173 /* Info.plist */ = {isa = PBXFileReference; lastKnownFileType = text.plist.xml; path = Info.plist; sourceTree = "<group>"; };
		DF97B33A1D31AD02001D9173 /* pokemon.csv */ = {isa = PBXFileReference; fileEncoding = 4; lastKnownFileType = text; path = pokemon.csv; sourceTree = "<group>"; };
/* End PBXFileReference section */

/* Begin PBXFrameworksBuildPhase section */
		DF97B3221D30801A001D9173 /* Frameworks */ = {
			isa = PBXFrameworksBuildPhase;
			buildActionMask = 2147483647;
			files = (
			);
			runOnlyForDeploymentPostprocessing = 0;
		};
/* End PBXFrameworksBuildPhase section */

/* Begin PBXGroup section */
		DF97B31C1D30801A001D9173 = {
			isa = PBXGroup;
			children = (
				DF97B3271D30801A001D9173 /* Pokedex */,
				DF97B3261D30801A001D9173 /* Products */,
			);
			sourceTree = "<group>";
		};
		DF97B3261D30801A001D9173 /* Products */ = {
			isa = PBXGroup;
			children = (
				DF97B3251D30801A001D9173 /* Pokedex.app */,
			);
			name = Products;
			sourceTree = "<group>";
		};
		DF97B3271D30801A001D9173 /* Pokedex */ = {
			isa = PBXGroup;
			children = (
				DF97B3281D30801A001D9173 /* AppDelegate.swift */,
				DF97B32A1D30801A001D9173 /* ViewController.swift */,
				DF97B33A1D31AD02001D9173 /* pokemon.csv */,
				DF97B32C1D30801A001D9173 /* Main.storyboard */,
				DF97B32F1D30801A001D9173 /* Assets.xcassets */,
				DF97B3311D30801A001D9173 /* LaunchScreen.storyboard */,
				DF97B3341D30801A001D9173 /* Info.plist */,
			);
			path = Pokedex;
			sourceTree = "<group>";
		};
/* End PBXGroup section */

/* Begin PBXNativeTarget section */
		DF97B3241D30801A001D9173 /* Pokedex */ = {
			isa = PBXNativeTarget;
			buildConfigurationList = DF97B3371D30801A001D9173 /* Build configuration list for PBXNativeTarget "Pokedex" */;
			buildPhases = (
				DF97B3211D30801A001D9173 /* Sources */,
				DF97B3221D30801A001D9173 /* Frameworks */,
				DF97B3231D30801A001D9173 /* Resources */,
			);
			buildRules = (
			);
			dependencies = (
			);
			name = Pokedex;
			productName = Pokedex;
			productReference = DF97B3251D30801A001D9173 /* Pokedex.app */;
			productType = "com.apple.product-type.application";
		};
/* End PBXNativeTarget section */

/* Begin PBXProject section */
		DF97B31D1D30801A001D9173 /* Project object */ = {
			isa = PBXProject;
			attributes = {
				LastSwiftUpdateCheck = 0730;
				LastUpgradeCheck = 0730;
				ORGANIZATIONNAME = "Nick Borrero";
				TargetAttributes = {
					DF97B3241D30801A001D9173 = {
						CreatedOnToolsVersion = 7.3;
					};
				};
			};
			buildConfigurationList = DF97B3201D30801A001D9173 /* Build configuration list for PBXProject "Pokedex" */;
			compatibilityVersion = "Xcode 3.2";
			developmentRegion = English;
			hasScannedForEncodings = 0;
			knownRegions = (
				en,
				Base,
			);
			mainGroup = DF97B31C1D30801A001D9173;
			productRefGroup = DF97B3261D30801A001D9173 /* Products */;
			projectDirPath = "";
			projectRoot = "";
			targets = (
				DF97B3241D30801A001D9173 /* Pokedex */,
			);
		};
/* End PBXProject section */

/* Begin PBXResourcesBuildPhase section */
		DF97B3231D30801A001D9173 /* Resources */ = {
			isa = PBXResourcesBuildPhase;
			buildActionMask = 2147483647;
			files = (
				DF97B3331D30801A001D9173 /* LaunchScreen.storyboard in Resources */,
				DF97B3301D30801A001D9173 /* Assets.xcassets in Resources */,
				DF97B33B1D31AD02001D9173 /* pokemon.csv in Resources */,
				DF97B32E1D30801A001D9173 /* Main.storyboard in Resources */,
			);
			runOnlyForDeploymentPostprocessing = 0;
		};
/* End PBXResourcesBuildPhase section */

/* Begin PBXSourcesBuildPhase section */
		DF97B3211D30801A001D9173 /* Sources */ = {
			isa = PBXSourcesBuildPhase;
			buildActionMask = 2147483647;
			files = (
				DF97B32B1D30801A001D9173 /* ViewController.swift in Sources */,
				DF97B3291D30801A001D9173 /* AppDelegate.swift in Sources */,
			);
			runOnlyForDeploymentPostprocessing = 0;
		};
/* End PBXSourcesBuildPhase section */

/* Begin PBXVariantGroup section */
		DF97B32C1D30801A001D9173 /* Main.storyboard */ = {
			isa = PBXVariantGroup;
			children = (
				DF97B32D1D30801A001D9173 /* Base */,
			);
			name = Main.storyboard;
			sourceTree = "<group>";
		};
		DF97B3311D30801A001D9173 /* LaunchScreen.storyboard */ = {
			isa = PBXVariantGroup;
			children = (
				DF97B3321D30801A001D9173 /* Base */,
			);
			name = LaunchScreen.storyboard;
			sourceTree = "<group>";
		};
/* End PBXVariantGroup section */

/* Begin XCBuildConfiguration section */
		DF97B3351D30801A001D9173 /* Debug */ = {
			isa = XCBuildConfiguration;
			buildSettings = {
				ALWAYS_SEARCH_USER_PATHS = NO;
				CLANG_ANALYZER_NONNULL = YES;
				CLANG_CXX_LANGUAGE_STANDARD = "gnu++0x";
				CLANG_CXX_LIBRARY = "libc++";
				CLANG_ENABLE_MODULES = YES;
				CLANG_ENABLE_OBJC_ARC = YES;
				CLANG_WARN_BOOL_CONVERSION = YES;
				CLANG_WARN_CONSTANT_CONVERSION = YES;
				CLANG_WARN_DIRECT_OBJC_ISA_USAGE = YES_ERROR;
				CLANG_WARN_EMPTY_BODY = YES;
				CLANG_WARN_ENUM_CONVERSION = YES;
				CLANG_WARN_INT_CONVERSION = YES;
				CLANG_WARN_OBJC_ROOT_CLASS = YES_ERROR;
				CLANG_WARN_UNREACHABLE_CODE = YES;
				CLANG_WARN__DUPLICATE_METHOD_MATCH = YES;
				"CODE_SIGN_IDENTITY[sdk=iphoneos*]" = "iPhone Developer";
				COPY_PHASE_STRIP = NO;
				DEBUG_INFORMATION_FORMAT = dwarf;
				ENABLE_STRICT_OBJC_MSGSEND = YES;
				ENABLE_TESTABILITY = YES;
				GCC_C_LANGUAGE_STANDARD = gnu99;
				GCC_DYNAMIC_NO_PIC = NO;
				GCC_NO_COMMON_BLOCKS = YES;
				GCC_OPTIMIZATION_LEVEL = 0;
				GCC_PREPROCESSOR_DEFINITIONS = (
					"DEBUG=1",
					"$(inherited)",
				);
				GCC_WARN_64_TO_32_BIT_CONVERSION = YES;
				GCC_WARN_ABOUT_RETURN_TYPE = YES_ERROR;
				GCC_WARN_UNDECLARED_SELECTOR = YES;
				GCC_WARN_UNINITIALIZED_AUTOS = YES_AGGRESSIVE;
				GCC_WARN_UNUSED_FUNCTION = YES;
				GCC_WARN_UNUSED_VARIABLE = YES;
				IPHONEOS_DEPLOYMENT_TARGET = 9.3;
				MTL_ENABLE_DEBUG_INFO = YES;
				ONLY_ACTIVE_ARCH = YES;
				SDKROOT = iphoneos;
				SWIFT_OPTIMIZATION_LEVEL = "-Onone";
				TARGETED_DEVICE_FAMILY = "1,2";
			};
			name = Debug;
		};
		DF97B3361D30801A001D9173 /* Release */ = {
			isa = XCBuildConfiguration;
			buildSettings = {
				ALWAYS_SEARCH_USER_PATHS = NO;
				CLANG_ANALYZER_NONNULL = YES;
				CLANG_CXX_LANGUAGE_STANDARD = "gnu++0x";
				CLANG_CXX_LIBRARY = "libc++";
				CLANG_ENABLE_MODULES = YES;
				CLANG_ENABLE_OBJC_ARC = YES;
				CLANG_WARN_BOOL_CONVERSION = YES;
				CLANG_WARN_CONSTANT_CONVERSION = YES;
				CLANG_WARN_DIRECT_OBJC_ISA_USAGE = YES_ERROR;
				CLANG_WARN_EMPTY_BODY = YES;
				CLANG_WARN_ENUM_CONVERSION = YES;
				CLANG_WARN_INT_CONVERSION = YES;
				CLANG_WARN_OBJC_ROOT_CLASS = YES_ERROR;
				CLANG_WARN_UNREACHABLE_CODE = YES;
				CLANG_WARN__DUPLICATE_METHOD_MATCH = YES;
				"CODE_SIGN_IDENTITY[sdk=iphoneos*]" = "iPhone Developer";
				COPY_PHASE_STRIP = NO;
				DEBUG_INFORMATION_FORMAT = "dwarf-with-dsym";
				ENABLE_NS_ASSERTIONS = NO;
				ENABLE_STRICT_OBJC_MSGSEND = YES;
				GCC_C_LANGUAGE_STANDARD = gnu99;
				GCC_NO_COMMON_BLOCKS = YES;
				GCC_WARN_64_TO_32_BIT_CONVERSION = YES;
				GCC_WARN_ABOUT_RETURN_TYPE = YES_ERROR;
				GCC_WARN_UNDECLARED_SELECTOR = YES;
				GCC_WARN_UNINITIALIZED_AUTOS = YES_AGGRESSIVE;
				GCC_WARN_UNUSED_FUNCTION = YES;
				GCC_WARN_UNUSED_VARIABLE = YES;
				IPHONEOS_DEPLOYMENT_TARGET = 9.3;
				MTL_ENABLE_DEBUG_INFO = NO;
				SDKROOT = iphoneos;
				TARGETED_DEVICE_FAMILY = "1,2";
				VALIDATE_PRODUCT = YES;
			};
			name = Release;
		};
		DF97B3381D30801A001D9173 /* Debug */ = {
			isa = XCBuildConfiguration;
			buildSettings = {
				ASSETCATALOG_COMPILER_APPICON_NAME = AppIcon;
				INFOPLIST_FILE = Pokedex/Info.plist;
				LD_RUNPATH_SEARCH_PATHS = "$(inherited) @executable_path/Frameworks";
				PRODUCT_BUNDLE_IDENTIFIER = com.nickborrero.Pokedex;
				PRODUCT_NAME = "$(TARGET_NAME)";
			};
			name = Debug;
		};
		DF97B3391D30801A001D9173 /* Release */ = {
			isa = XCBuildConfiguration;
			buildSettings = {
				ASSETCATALOG_COMPILER_APPICON_NAME = AppIcon;
				INFOPLIST_FILE = Pokedex/Info.plist;
				LD_RUNPATH_SEARCH_PATHS = "$(inherited) @executable_path/Frameworks";
				PRODUCT_BUNDLE_IDENTIFIER = com.nickborrero.Pokedex;
				PRODUCT_NAME = "$(TARGET_NAME)";
			};
			name = Release;
		};
/* End XCBuildConfiguration section */

/* Begin XCConfigurationList section */
		DF97B3201D30801A001D9173 /* Build configuration list for PBXProject "Pokedex" */ = {
			isa = XCConfigurationList;
			buildConfigurations = (
				DF97B3351D30801A001D9173 /* Debug */,
				DF97B3361D30801A001D9173 /* Release */,
			);
			defaultConfigurationIsVisible = 0;
			defaultConfigurationName = Release;
		};
		DF97B3371D30801A001D9173 /* Build configuration list for PBXNativeTarget "Pokedex" */ = {
			isa = XCConfigurationList;
			buildConfigurations = (
				DF97B3381D30801A001D9173 /* Debug */,
				DF97B3391D30801A001D9173 /* Release */,
			);
			defaultConfigurationIsVisible = 0;
		};
/* End XCConfigurationList section */
	};
	rootObject = DF97B31D1D30801A001D9173 /* Project object */;
}
